
Microsoft Visual Studio Solution File, Format Version 12.00
# Visual Studio Version 17
VisualStudioVersion = 17.13.35931.197
MinimumVisualStudioVersion = 10.0.40219.1
Project("{FAE04EC0-301F-11D3-BF4B-00C04F79EFBC}") = "FastFistBlog.Server", "FastFistBlog.Server\FastFistBlog.Server.csproj", "{7E283A18-09EB-4A89-8E3F-7E6C4FF7E2CA}"
EndProject
Project("{FAE04EC0-301F-11D3-BF4B-00C04F79EFBC}") = "FastFistBlog.API", "API\FastFistBlog.API.csproj", "{D63E75EE-1A1D-4ABA-B442-A1020AE08745}"
EndProject
Project("{FAE04EC0-301F-11D3-BF4B-00C04F79EFBC}") = "FastFistBlog.Data", "FastFistBlog.Data\FastFistBlog.Data.csproj", "{4DC623DA-DC95-4208-917F-4949E2122F5E}"
EndProject
Global
	GlobalSection(SolutionConfigurationPlatforms) = preSolution
		Debug|Any CPU = Debug|Any CPU
		Release|Any CPU = Release|Any CPU
	EndGlobalSection
	GlobalSection(ProjectConfigurationPlatforms) = postSolution
		{7E283A18-09EB-4A89-8E3F-7E6C4FF7E2CA}.Debug|Any CPU.ActiveCfg = Debug|Any CPU
		{7E283A18-09EB-4A89-8E3F-7E6C4FF7E2CA}.Debug|Any CPU.Build.0 = Debug|Any CPU
		{7E283A18-09EB-4A89-8E3F-7E6C4FF7E2CA}.Release|Any CPU.ActiveCfg = Release|Any CPU
		{7E283A18-09EB-4A89-8E3F-7E6C4FF7E2CA}.Release|Any CPU.Build.0 = Release|Any CPU
		{D63E75EE-1A1D-4ABA-B442-A1020AE08745}.Debug|Any CPU.ActiveCfg = Debug|Any CPU
		{D63E75EE-1A1D-4ABA-B442-A1020AE08745}.Debug|Any CPU.Build.0 = Debug|Any CPU
		{D63E75EE-1A1D-4ABA-B442-A1020AE08745}.Release|Any CPU.ActiveCfg = Release|Any CPU
		{D63E75EE-1A1D-4ABA-B442-A1020AE08745}.Release|Any CPU.Build.0 = Release|Any CPU
		{4DC623DA-DC95-4208-917F-4949E2122F5E}.Debug|Any CPU.ActiveCfg = Debug|Any CPU
		{4DC623DA-DC95-4208-917F-4949E2122F5E}.Debug|Any CPU.Build.0 = Debug|Any CPU
		{4DC623DA-DC95-4208-917F-4949E2122F5E}.Release|Any CPU.ActiveCfg = Release|Any CPU
		{4DC623DA-DC95-4208-917F-4949E2122F5E}.Release|Any CPU.Build.0 = Release|Any CPU
	EndGlobalSection
	GlobalSection(SolutionProperties) = preSolution
		HideSolutionNode = FALSE
	EndGlobalSection
	GlobalSection(ExtensibilityGlobals) = postSolution
		SolutionGuid = {3359C9F4-BD16-4317-A07F-4A331FC3EBE5}
	EndGlobalSection
EndGlobal
